{
  "name": "pi-lsp-manager-tailwindcss-fixture",
  "version": "0.0.0",
  "lockfileVersion": 3,
  "requires": true,
  "packages": {
    "": {
      "name": "pi-lsp-manager-tailwindcss-fixture",
      "version": "0.0.0",
      "dependencies": {
        "@tailwindcss/language-server": "0.16.0",
        "tailwindcss": "4.3.3"
      }
    },
    "node_modules/@tailwindcss/language-server": {
      "version": "0.16.0",
      "resolved": "https://registry.npmjs.org/@tailwindcss/language-server/-/language-server-0.16.0.tgz",
      "integrity": "sha512-ko2xr4nlFIkqwJFnnw7hfdpjbsnK0DOk+QEEI51tvKOCF97OG0RU59iGfadoaOoY6I9xkSMbTW+AAwgnGnLH3w==",
      "license": "MIT",
      "bin": {
        "css-language-server": "bin/css-language-server",
        "tailwindcss-language-server": "bin/tailwindcss-language-server"
      },
      "engines": {
        "node": ">=18.0.0"
      }
    },
    "node_modules/tailwindcss": {
      "version": "4.3.3",
      "resolved": "https://registry.npmjs.org/tailwindcss/-/tailwindcss-4.3.3.tgz",
      "integrity": "sha512-gOhV3P7ufE62QDGg1zVaTgCR+EtPv92k2nIhVcVKcLmxT1sUBsQGhnZj175j+MqRt4zLF7ic+sCYjfhxMxj7YQ==",
      "license": "MIT"
    }
  }
}
